
Microsoft Visual Studio Solution File, Format Version 12.00
# Visual Studio Version 16
VisualStudioVersion = 16.0.31009.191
MinimumVisualStudioVersion = 10.0.40219.1
Project("{8BC9CEB8-8B4A-11D0-8D11-00A0C91BC942}") = "2d_elastic_photoexcit_Bordeaux_CPU", "2d_elastic_photoexcit_Bordeaux_CPU.vcxproj", "{414CF2C8-EF7B-4167-A926-FAE842891AF0}"
EndProject
Global
	GlobalSection(SolutionConfigurationPlatforms) = preSolution
		Debug|x64 = Debug|x64
		Debug|x86 = Debug|x86
		Release|x64 = Release|x64
		Release|x86 = Release|x86
	EndGlobalSection
	GlobalSection(ProjectConfigurationPlatforms) = postSolution
		{414CF2C8-EF7B-4167-A926-FAE842891AF0}.Debug|x64.ActiveCfg = Debug|x64
		{414CF2C8-EF7B-4167-A926-FAE842891AF0}.Debug|x64.Build.0 = Debug|x64
		{414CF2C8-EF7B-4167-A926-FAE842891AF0}.Debug|x86.ActiveCfg = Debug|Win32
		{414CF2C8-EF7B-4167-A926-FAE842891AF0}.Debug|x86.Build.0 = Debug|Win32
		{414CF2C8-EF7B-4167-A926-FAE842891AF0}.Release|x64.ActiveCfg = Release|x64
		{414CF2C8-EF7B-4167-A926-FAE842891AF0}.Release|x64.Build.0 = Release|x64
		{414CF2C8-EF7B-4167-A926-FAE842891AF0}.Release|x86.ActiveCfg = Release|Win32
		{414CF2C8-EF7B-4167-A926-FAE842891AF0}.Release|x86.Build.0 = Release|Win32
	EndGlobalSection
	GlobalSection(SolutionProperties) = preSolution
		HideSolutionNode = FALSE
	EndGlobalSection
	GlobalSection(ExtensibilityGlobals) = postSolution
		SolutionGuid = {2596B96F-BE78-4157-8853-E6C8FFB742D4}
	EndGlobalSection
EndGlobal
